
Microsoft Visual Studio Solution File, Format Version 12.00
# Visual Studio 15
VisualStudioVersion = 15.0.26730.15
MinimumVisualStudioVersion = 10.0.40219.1
Project("{8BC9CEB8-8B4A-11D0-8D11-00A0C91BC942}") = "Taller2", "Taller2\Taller2.vcxproj", "{B59582AB-EB62-47C2-A67D-2DD1E2358E86}"
EndProject
Project("{8BC9CEB8-8B4A-11D0-8D11-00A0C91BC942}") = "ClientTaller2", "ClientTaller2\ClientTaller2.vcxproj", "{A27EEF91-9231-4D2F-ACFD-AE8B92356240}"
EndProject
Global
	GlobalSection(SolutionConfigurationPlatforms) = preSolution
		Debug|x64 = Debug|x64
		Debug|x86 = Debug|x86
		Release|x64 = Release|x64
		Release|x86 = Release|x86
	EndGlobalSection
	GlobalSection(ProjectConfigurationPlatforms) = postSolution
		{B59582AB-EB62-47C2-A67D-2DD1E2358E86}.Debug|x64.ActiveCfg = Debug|x64
		{B59582AB-EB62-47C2-A67D-2DD1E2358E86}.Debug|x64.Build.0 = Debug|x64
		{B59582AB-EB62-47C2-A67D-2DD1E2358E86}.Debug|x86.ActiveCfg = Debug|Win32
		{B59582AB-EB62-47C2-A67D-2DD1E2358E86}.Debug|x86.Build.0 = Debug|Win32
		{B59582AB-EB62-47C2-A67D-2DD1E2358E86}.Release|x64.ActiveCfg = Release|x64
		{B59582AB-EB62-47C2-A67D-2DD1E2358E86}.Release|x64.Build.0 = Release|x64
		{B59582AB-EB62-47C2-A67D-2DD1E2358E86}.Release|x86.ActiveCfg = Release|Win32
		{B59582AB-EB62-47C2-A67D-2DD1E2358E86}.Release|x86.Build.0 = Release|Win32
		{A27EEF91-9231-4D2F-ACFD-AE8B92356240}.Debug|x64.ActiveCfg = Debug|x64
		{A27EEF91-9231-4D2F-ACFD-AE8B92356240}.Debug|x64.Build.0 = Debug|x64
		{A27EEF91-9231-4D2F-ACFD-AE8B92356240}.Debug|x86.ActiveCfg = Debug|Win32
		{A27EEF91-9231-4D2F-ACFD-AE8B92356240}.Debug|x86.Build.0 = Debug|Win32
		{A27EEF91-9231-4D2F-ACFD-AE8B92356240}.Release|x64.ActiveCfg = Release|x64
		{A27EEF91-9231-4D2F-ACFD-AE8B92356240}.Release|x64.Build.0 = Release|x64
		{A27EEF91-9231-4D2F-ACFD-AE8B92356240}.Release|x86.ActiveCfg = Release|Win32
		{A27EEF91-9231-4D2F-ACFD-AE8B92356240}.Release|x86.Build.0 = Release|Win32
	EndGlobalSection
	GlobalSection(SolutionProperties) = preSolution
		HideSolutionNode = FALSE
	EndGlobalSection
	GlobalSection(ExtensibilityGlobals) = postSolution
		SolutionGuid = {7C47ADDC-596C-4689-9E4D-51C4E1828420}
	EndGlobalSection
EndGlobal
